// !$*UTF8*$!
{
	archiveVersion = 1;
	classes = {
	};
	objectVersion = 46;
	objects = {

/* Begin PBXBuildFile section */
		960FE81B1B8B38490047BEDF /* XLLyricSerialization.m in Sources */ = {isa = PBXBuildFile; fileRef = 960FE81A1B8B38490047BEDF /* XLLyricSerialization.m */; };
		960FE81E1B8B390D0047BEDF /* XLLyric.m in Sources */ = {isa = PBXBuildFile; fileRef = 960FE81D1B8B390D0047BEDF /* XLLyric.m */; };
		96E2554F1B8C2AC40072072C /* XLLyricLabel.m in Sources */ = {isa = PBXBuildFile; fileRef = 96E2554E1B8C2AC40072072C /* XLLyricLabel.m */; };
		96F279E51B8AC0890061236B /* main.m in Sources */ = {isa = PBXBuildFile; fileRef = 96F279E41B8AC0890061236B /* main.m */; };
		96F279E81B8AC0890061236B /* AppDelegate.m in Sources */ = {isa = PBXBuildFile; fileRef = 96F279E71B8AC0890061236B /* AppDelegate.m */; };
		96F279EB1B8AC0890061236B /* ViewController.m in Sources */ = {isa = PBXBuildFile; fileRef = 96F279EA1B8AC0890061236B /* ViewController.m */; };
		96F279EE1B8AC0890061236B /* Main.storyboard in Resources */ = {isa = PBXBuildFile; fileRef = 96F279EC1B8AC0890061236B /* Main.storyboard */; };
		96F279F01B8AC0890061236B /* Images.xcassets in Resources */ = {isa = PBXBuildFile; fileRef = 96F279EF1B8AC0890061236B /* Images.xcassets */; };
		96F279F31B8AC0890061236B /* LaunchScreen.xib in Resources */ = {isa = PBXBuildFile; fileRef = 96F279F11B8AC0890061236B /* LaunchScreen.xib */; };
		96F279FF1B8AC0890061236B /* _824_____Tests.m in Sources */ = {isa = PBXBuildFile; fileRef = 96F279FE1B8AC0890061236B /* _824_____Tests.m */; };
		96F27A1E1B8AC1010061236B /* buyao.wav in Resources */ = {isa = PBXBuildFile; fileRef = 96F27A091B8AC1010061236B /* buyao.wav */; };
		96F27A1F1B8AC1010061236B /* chatcome.wav in Resources */ = {isa = PBXBuildFile; fileRef = 96F27A0A1B8AC1010061236B /* chatcome.wav */; };
		96F27A201B8AC1010061236B /* G.E.M. 邓紫棋 - 泡沫.mp3 in Resources */ = {isa = PBXBuildFile; fileRef = 96F27A0B1B8AC1010061236B /* G.E.M. 邓紫棋 - 泡沫.mp3 */; };
		96F27A211B8AC1010061236B /* I'm yours.lrc in Resources */ = {isa = PBXBuildFile; fileRef = 96F27A0C1B8AC1010061236B /* I'm yours.lrc */; };
		96F27A221B8AC1010061236B /* Jason Mraz - I'm Yours.mp3 in Resources */ = {isa = PBXBuildFile; fileRef = 96F27A0D1B8AC1010061236B /* Jason Mraz - I'm Yours.mp3 */; };
		96F27A231B8AC1010061236B /* jason.jpg in Resources */ = {isa = PBXBuildFile; fileRef = 96F27A0E1B8AC1010061236B /* jason.jpg */; };
		96F27A241B8AC1010061236B /* lamazhengzhuan.jpg in Resources */ = {isa = PBXBuildFile; fileRef = 96F27A0F1B8AC1010061236B /* lamazhengzhuan.jpg */; };
		96F27A251B8AC1010061236B /* Owl City - The Saltwater Room.mp3 in Resources */ = {isa = PBXBuildFile; fileRef = 96F27A101B8AC1010061236B /* Owl City - The Saltwater Room.mp3 */; };
		96F27A261B8AC1010061236B /* paomo.jpg in Resources */ = {isa = PBXBuildFile; fileRef = 96F27A111B8AC1010061236B /* paomo.jpg */; };
		96F27A271B8AC1010061236B /* st.jpg in Resources */ = {isa = PBXBuildFile; fileRef = 96F27A121B8AC1010061236B /* st.jpg */; };
		96F27A281B8AC1010061236B /* test.wav in Resources */ = {isa = PBXBuildFile; fileRef = 96F27A131B8AC1010061236B /* test.wav */; };
		96F27A291B8AC1010061236B /* The salt water room.lrc in Resources */ = {isa = PBXBuildFile; fileRef = 96F27A141B8AC1010061236B /* The salt water room.lrc */; };
		96F27A2A1B8AC1010061236B /* xpg.jpg in Resources */ = {isa = PBXBuildFile; fileRef = 96F27A151B8AC1010061236B /* xpg.jpg */; };
		96F27A2B1B8AC1010061236B /* 小苹果.lrc in Resources */ = {isa = PBXBuildFile; fileRef = 96F27A161B8AC1010061236B /* 小苹果.lrc */; };
		96F27A2C1B8AC1010061236B /* 小苹果.mp3 in Resources */ = {isa = PBXBuildFile; fileRef = 96F27A171B8AC1010061236B /* 小苹果.mp3 */; };
		96F27A2D1B8AC1010061236B /* 张译 - 稳稳的幸福.mp3 in Resources */ = {isa = PBXBuildFile; fileRef = 96F27A181B8AC1010061236B /* 张译 - 稳稳的幸福.mp3 */; };
		96F27A2E1B8AC1010061236B /* 月半小夜曲.lrc in Resources */ = {isa = PBXBuildFile; fileRef = 96F27A191B8AC1010061236B /* 月半小夜曲.lrc */; };
		96F27A2F1B8AC1010061236B /* 李克勤 - 月半小夜曲.mp3 in Resources */ = {isa = PBXBuildFile; fileRef = 96F27A1A1B8AC1010061236B /* 李克勤 - 月半小夜曲.mp3 */; };
		96F27A301B8AC1010061236B /* 李克勤.jpg in Resources */ = {isa = PBXBuildFile; fileRef = 96F27A1B1B8AC1010061236B /* 李克勤.jpg */; };
		96F27A311B8AC1010061236B /* 泡沫.lrc in Resources */ = {isa = PBXBuildFile; fileRef = 96F27A1C1B8AC1010061236B /* 泡沫.lrc */; };
		96F27A321B8AC1010061236B /* 稳稳的幸福.lrc in Resources */ = {isa = PBXBuildFile; fileRef = 96F27A1D1B8AC1010061236B /* 稳稳的幸福.lrc */; };
		96F27A4B1B8AC1220061236B /* MJArgument.m in Sources */ = {isa = PBXBuildFile; fileRef = 96F27A391B8AC1220061236B /* MJArgument.m */; };
		96F27A4C1B8AC1220061236B /* MJIvar.m in Sources */ = {isa = PBXBuildFile; fileRef = 96F27A3C1B8AC1220061236B /* MJIvar.m */; };
		96F27A4D1B8AC1220061236B /* MJMember.m in Sources */ = {isa = PBXBuildFile; fileRef = 96F27A3E1B8AC1220061236B /* MJMember.m */; };
		96F27A4E1B8AC1220061236B /* MJMethod.m in Sources */ = {isa = PBXBuildFile; fileRef = 96F27A401B8AC1220061236B /* MJMethod.m */; };
		96F27A4F1B8AC1220061236B /* MJType.m in Sources */ = {isa = PBXBuildFile; fileRef = 96F27A421B8AC1220061236B /* MJType.m */; };
		96F27A501B8AC1220061236B /* MJTypeEncoding.m in Sources */ = {isa = PBXBuildFile; fileRef = 96F27A441B8AC1220061236B /* MJTypeEncoding.m */; };
		96F27A511B8AC1220061236B /* NSObject+MJCoding.m in Sources */ = {isa = PBXBuildFile; fileRef = 96F27A461B8AC1220061236B /* NSObject+MJCoding.m */; };
		96F27A521B8AC1220061236B /* NSObject+MJKeyValue.m in Sources */ = {isa = PBXBuildFile; fileRef = 96F27A481B8AC1220061236B /* NSObject+MJKeyValue.m */; };
		96F27A531B8AC1220061236B /* NSObject+MJMember.m in Sources */ = {isa = PBXBuildFile; fileRef = 96F27A4A1B8AC1220061236B /* NSObject+MJMember.m */; };
		96F27A551B8AD6E80061236B /* mlist.plist in Resources */ = {isa = PBXBuildFile; fileRef = 96F27A541B8AD6E80061236B /* mlist.plist */; };
		96F27A581B8AD7910061236B /* XLMusic.m in Sources */ = {isa = PBXBuildFile; fileRef = 96F27A571B8AD7900061236B /* XLMusic.m */; };
		96F27A5B1B8AED690061236B /* XLMusicManager.m in Sources */ = {isa = PBXBuildFile; fileRef = 96F27A5A1B8AED690061236B /* XLMusicManager.m */; };
/* End PBXBuildFile section */

/* Begin PBXContainerItemProxy section */
		96F279F91B8AC0890061236B /* PBXContainerItemProxy */ = {
			isa = PBXContainerItemProxy;
			containerPortal = 96F279D71B8AC0890061236B /* Project object */;
			proxyType = 1;
			remoteGlobalIDString = 96F279DE1B8AC0890061236B;
			remoteInfo = "0824音乐播放器";
		};
/* End PBXContainerItemProxy section */

/* Begin PBXFileReference section */
		960FE8191B8B38480047BEDF /* XLLyricSerialization.h */ = {isa = PBXFileReference; fileEncoding = 4; lastKnownFileType = sourcecode.c.h; path = XLLyricSerialization.h; sourceTree = "<group>"; };
		960FE81A1B8B38490047BEDF /* XLLyricSerialization.m */ = {isa = PBXFileReference; fileEncoding = 4; lastKnownFileType = sourcecode.c.objc; path = XLLyricSerialization.m; sourceTree = "<group>"; };
		960FE81C1B8B390D0047BEDF /* XLLyric.h */ = {isa = PBXFileReference; fileEncoding = 4; lastKnownFileType = sourcecode.c.h; path = XLLyric.h; sourceTree = "<group>"; };
		960FE81D1B8B390D0047BEDF /* XLLyric.m */ = {isa = PBXFileReference; fileEncoding = 4; lastKnownFileType = sourcecode.c.objc; path = XLLyric.m; sourceTree = "<group>"; };
		96E2554D1B8C2AC40072072C /* XLLyricLabel.h */ = {isa = PBXFileReference; fileEncoding = 4; lastKnownFileType = sourcecode.c.h; path = XLLyricLabel.h; sourceTree = "<group>"; };
		96E2554E1B8C2AC40072072C /* XLLyricLabel.m */ = {isa = PBXFileReference; fileEncoding = 4; lastKnownFileType = sourcecode.c.objc; path = XLLyricLabel.m; sourceTree = "<group>"; };
		96F279DF1B8AC0890061236B /* 0824音乐播放器.app */ = {isa = PBXFileReference; explicitFileType = wrapper.application; includeInIndex = 0; path = "0824音乐播放器.app"; sourceTree = BUILT_PRODUCTS_DIR; };
		96F279E31B8AC0890061236B /* Info.plist */ = {isa = PBXFileReference; lastKnownFileType = text.plist.xml; path = Info.plist; sourceTree = "<group>"; };
		96F279E41B8AC0890061236B /* main.m */ = {isa = PBXFileReference; lastKnownFileType = sourcecode.c.objc; path = main.m; sourceTree = "<group>"; };
		96F279E61B8AC0890061236B /* AppDelegate.h */ = {isa = PBXFileReference; lastKnownFileType = sourcecode.c.h; path = AppDelegate.h; sourceTree = "<group>"; };
		96F279E71B8AC0890061236B /* AppDelegate.m */ = {isa = PBXFileReference; lastKnownFileType = sourcecode.c.objc; path = AppDelegate.m; sourceTree = "<group>"; };
		96F279E91B8AC0890061236B /* ViewController.h */ = {isa = PBXFileReference; lastKnownFileType = sourcecode.c.h; path = ViewController.h; sourceTree = "<group>"; };
		96F279EA1B8AC0890061236B /* ViewController.m */ = {isa = PBXFileReference; lastKnownFileType = sourcecode.c.objc; path = ViewController.m; sourceTree = "<group>"; };
		96F279ED1B8AC0890061236B /* Base */ = {isa = PBXFileReference; lastKnownFileType = file.storyboard; name = Base; path = Base.lproj/Main.storyboard; sourceTree = "<group>"; };
		96F279EF1B8AC0890061236B /* Images.xcassets */ = {isa = PBXFileReference; lastKnownFileType = folder.assetcatalog; path = Images.xcassets; sourceTree = "<group>"; };
		96F279F21B8AC0890061236B /* Base */ = {isa = PBXFileReference; lastKnownFileType = file.xib; name = Base; path = Base.lproj/LaunchScreen.xib; sourceTree = "<group>"; };
		96F279F81B8AC0890061236B /* 0824音乐播放器Tests.xctest */ = {isa = PBXFileReference; explicitFileType = wrapper.cfbundle; includeInIndex = 0; path = "0824音乐播放器Tests.xctest"; sourceTree = BUILT_PRODUCTS_DIR; };
		96F279FD1B8AC0890061236B /* Info.plist */ = {isa = PBXFileReference; lastKnownFileType = text.plist.xml; path = Info.plist; sourceTree = "<group>"; };
		96F279FE1B8AC0890061236B /* _824_____Tests.m */ = {isa = PBXFileReference; lastKnownFileType = sourcecode.c.objc; path = "_824_____Tests.m"; sourceTree = "<group>"; };
		96F27A091B8AC1010061236B /* buyao.wav */ = {isa = PBXFileReference; lastKnownFileType = audio.wav; path = buyao.wav; sourceTree = "<group>"; };
		96F27A0A1B8AC1010061236B /* chatcome.wav */ = {isa = PBXFileReference; lastKnownFileType = audio.wav; path = chatcome.wav; sourceTree = "<group>"; };
		96F27A0B1B8AC1010061236B /* G.E.M. 邓紫棋 - 泡沫.mp3 */ = {isa = PBXFileReference; lastKnownFileType = audio.mp3; path = "G.E.M. 邓紫棋 - 泡沫.mp3"; sourceTree = "<group>"; };
		96F27A0C1B8AC1010061236B /* I'm yours.lrc */ = {isa = PBXFileReference; fileEncoding = 4; lastKnownFileType = text; path = "I'm yours.lrc"; sourceTree = "<group>"; };
		96F27A0D1B8AC1010061236B /* Jason Mraz - I'm Yours.mp3 */ = {isa = PBXFileReference; lastKnownFileType = audio.mp3; path = "Jason Mraz - I'm Yours.mp3"; sourceTree = "<group>"; };
		96F27A0E1B8AC1010061236B /* jason.jpg */ = {isa = PBXFileReference; lastKnownFileType = image.jpeg; path = jason.jpg; sourceTree = "<group>"; };
		96F27A0F1B8AC1010061236B /* lamazhengzhuan.jpg */ = {isa = PBXFileReference; lastKnownFileType = image.jpeg; path = lamazhengzhuan.jpg; sourceTree = "<group>"; };
		96F27A101B8AC1010061236B /* Owl City - The Saltwater Room.mp3 */ = {isa = PBXFileReference; lastKnownFileType = audio.mp3; path = "Owl City - The Saltwater Room.mp3"; sourceTree = "<group>"; };
		96F27A111B8AC1010061236B /* paomo.jpg */ = {isa = PBXFileReference; lastKnownFileType = image.jpeg; path = paomo.jpg; sourceTree = "<group>"; };
		96F27A121B8AC1010061236B /* st.jpg */ = {isa = PBXFileReference; lastKnownFileType = image.jpeg; path = st.jpg; sourceTree = "<group>"; };
		96F27A131B8AC1010061236B /* test.wav */ = {isa = PBXFileReference; lastKnownFileType = audio.wav; path = test.wav; sourceTree = "<group>"; };
		96F27A141B8AC1010061236B /* The salt water room.lrc */ = {isa = PBXFileReference; fileEncoding = 4; lastKnownFileType = text; path = "The salt water room.lrc"; sourceTree = "<group>"; };
		96F27A151B8AC1010061236B /* xpg.jpg */ = {isa = PBXFileReference; lastKnownFileType = image.jpeg; path = xpg.jpg; sourceTree = "<group>"; };
		96F27A161B8AC1010061236B /* 小苹果.lrc */ = {isa = PBXFileReference; fileEncoding = 4; lastKnownFileType = text; path = "小苹果.lrc"; sourceTree = "<group>"; };
		96F27A171B8AC1010061236B /* 小苹果.mp3 */ = {isa = PBXFileReference; lastKnownFileType = audio.mp3; path = "小苹果.mp3"; sourceTree = "<group>"; };
		96F27A181B8AC1010061236B /* 张译 - 稳稳的幸福.mp3 */ = {isa = PBXFileReference; lastKnownFileType = audio.mp3; path = "张译 - 稳稳的幸福.mp3"; sourceTree = "<group>"; };
		96F27A191B8AC1010061236B /* 月半小夜曲.lrc */ = {isa = PBXFileReference; fileEncoding = 4; lastKnownFileType = text; path = "月半小夜曲.lrc"; sourceTree = "<group>"; };
		96F27A1A1B8AC1010061236B /* 李克勤 - 月半小夜曲.mp3 */ = {isa = PBXFileReference; lastKnownFileType = audio.mp3; path = "李克勤 - 月半小夜曲.mp3"; sourceTree = "<group>"; };
		96F27A1B1B8AC1010061236B /* 李克勤.jpg */ = {isa = PBXFileReference; lastKnownFileType = image.jpeg; path = "李克勤.jpg"; sourceTree = "<group>"; };
		96F27A1C1B8AC1010061236B /* 泡沫.lrc */ = {isa = PBXFileReference; fileEncoding = 4; lastKnownFileType = text; path = "泡沫.lrc"; sourceTree = "<group>"; };
		96F27A1D1B8AC1010061236B /* 稳稳的幸福.lrc */ = {isa = PBXFileReference; fileEncoding = 4; lastKnownFileType = text; path = "稳稳的幸福.lrc"; sourceTree = "<group>"; };
		96F27A381B8AC1220061236B /* MJArgument.h */ = {isa = PBXFileReference; fileEncoding = 4; lastKnownFileType = sourcecode.c.h; path = MJArgument.h; sourceTree = "<group>"; };
		96F27A391B8AC1220061236B /* MJArgument.m */ = {isa = PBXFileReference; fileEncoding = 4; lastKnownFileType = sourcecode.c.objc; path = MJArgument.m; sourceTree = "<group>"; };
		96F27A3A1B8AC1220061236B /* MJExtension.h */ = {isa = PBXFileReference; fileEncoding = 4; lastKnownFileType = sourcecode.c.h; path = MJExtension.h; sourceTree = "<group>"; };
		96F27A3B1B8AC1220061236B /* MJIvar.h */ = {isa = PBXFileReference; fileEncoding = 4; lastKnownFileType = sourcecode.c.h; path = MJIvar.h; sourceTree = "<group>"; };
		96F27A3C1B8AC1220061236B /* MJIvar.m */ = {isa = PBXFileReference; fileEncoding = 4; lastKnownFileType = sourcecode.c.objc; path = MJIvar.m; sourceTree = "<group>"; };
		96F27A3D1B8AC1220061236B /* MJMember.h */ = {isa = PBXFileReference; fileEncoding = 4; lastKnownFileType = sourcecode.c.h; path = MJMember.h; sourceTree = "<group>"; };
		96F27A3E1B8AC1220061236B /* MJMember.m */ = {isa = PBXFileReference; fileEncoding = 4; lastKnownFileType = sourcecode.c.objc; path = MJMember.m; sourceTree = "<group>"; };
		96F27A3F1B8AC1220061236B /* MJMethod.h */ = {isa = PBXFileReference; fileEncoding = 4; lastKnownFileType = sourcecode.c.h; path = MJMethod.h; sourceTree = "<group>"; };
		96F27A401B8AC1220061236B /* MJMethod.m */ = {isa = PBXFileReference; fileEncoding = 4; lastKnownFileType = sourcecode.c.objc; path = MJMethod.m; sourceTree = "<group>"; };
		96F27A411B8AC1220061236B /* MJType.h */ = {isa = PBXFileReference; fileEncoding = 4; lastKnownFileType = sourcecode.c.h; path = MJType.h; sourceTree = "<group>"; };
		96F27A421B8AC1220061236B /* MJType.m */ = {isa = PBXFileReference; fileEncoding = 4; lastKnownFileType = sourcecode.c.objc; path = MJType.m; sourceTree = "<group>"; };
		96F27A431B8AC1220061236B /* MJTypeEncoding.h */ = {isa = PBXFileReference; fileEncoding = 4; lastKnownFileType = sourcecode.c.h; path = MJTypeEncoding.h; sourceTree = "<group>"; };
		96F27A441B8AC1220061236B /* MJTypeEncoding.m */ = {isa = PBXFileReference; fileEncoding = 4; lastKnownFileType = sourcecode.c.objc; path = MJTypeEncoding.m; sourceTree = "<group>"; };
		96F27A451B8AC1220061236B /* NSObject+MJCoding.h */ = {isa = PBXFileReference; fileEncoding = 4; lastKnownFileType = sourcecode.c.h; path = "NSObject+MJCoding.h"; sourceTree = "<group>"; };
		96F27A461B8AC1220061236B /* NSObject+MJCoding.m */ = {isa = PBXFileReference; fileEncoding = 4; lastKnownFileType = sourcecode.c.objc; path = "NSObject+MJCoding.m"; sourceTree = "<group>"; };
		96F27A471B8AC1220061236B /* NSObject+MJKeyValue.h */ = {isa = PBXFileReference; fileEncoding = 4; lastKnownFileType = sourcecode.c.h; path = "NSObject+MJKeyValue.h"; sourceTree = "<group>"; };
		96F27A481B8AC1220061236B /* NSObject+MJKeyValue.m */ = {isa = PBXFileReference; fileEncoding = 4; lastKnownFileType = sourcecode.c.objc; path = "NSObject+MJKeyValue.m"; sourceTree = "<group>"; };
		96F27A491B8AC1220061236B /* NSObject+MJMember.h */ = {isa = PBXFileReference; fileEncoding = 4; lastKnownFileType = sourcecode.c.h; path = "NSObject+MJMember.h"; sourceTree = "<group>"; };
		96F27A4A1B8AC1220061236B /* NSObject+MJMember.m */ = {isa = PBXFileReference; fileEncoding = 4; lastKnownFileType = sourcecode.c.objc; path = "NSObject+MJMember.m"; sourceTree = "<group>"; };
		96F27A541B8AD6E80061236B /* mlist.plist */ = {isa = PBXFileReference; fileEncoding = 4; lastKnownFileType = text.plist.xml; path = mlist.plist; sourceTree = "<group>"; };
		96F27A561B8AD7900061236B /* XLMusic.h */ = {isa = PBXFileReference; fileEncoding = 4; lastKnownFileType = sourcecode.c.h; path = XLMusic.h; sourceTree = "<group>"; };
		96F27A571B8AD7900061236B /* XLMusic.m */ = {isa = PBXFileReference; fileEncoding = 4; lastKnownFileType = sourcecode.c.objc; path = XLMusic.m; sourceTree = "<group>"; };
		96F27A591B8AED690061236B /* XLMusicManager.h */ = {isa = PBXFileReference; fileEncoding = 4; lastKnownFileType = sourcecode.c.h; path = XLMusicManager.h; sourceTree = "<group>"; };
		96F27A5A1B8AED690061236B /* XLMusicManager.m */ = {isa = PBXFileReference; fileEncoding = 4; lastKnownFileType = sourcecode.c.objc; path = XLMusicManager.m; sourceTree = "<group>"; };
/* End PBXFileReference section */

/* Begin PBXFrameworksBuildPhase section */
		96F279DC1B8AC0890061236B /* Frameworks */ = {
			isa = PBXFrameworksBuildPhase;
			buildActionMask = 2147483647;
			files = (
			);
			runOnlyForDeploymentPostprocessing = 0;
		};
		96F279F51B8AC0890061236B /* Frameworks */ = {
			isa = PBXFrameworksBuildPhase;
			buildActionMask = 2147483647;
			files = (
			);
			runOnlyForDeploymentPostprocessing = 0;
		};
/* End PBXFrameworksBuildPhase section */

/* Begin PBXGroup section */
		96F279D61B8AC0890061236B = {
			isa = PBXGroup;
			children = (
				96F279E11B8AC0890061236B /* 0824音乐播放器 */,
				96F279FB1B8AC0890061236B /* 0824音乐播放器Tests */,
				96F279E01B8AC0890061236B /* Products */,
			);
			sourceTree = "<group>";
		};
		96F279E01B8AC0890061236B /* Products */ = {
			isa = PBXGroup;
			children = (
				96F279DF1B8AC0890061236B /* 0824音乐播放器.app */,
				96F279F81B8AC0890061236B /* 0824音乐播放器Tests.xctest */,
			);
			name = Products;
			sourceTree = "<group>";
		};
		96F279E11B8AC0890061236B /* 0824音乐播放器 */ = {
			isa = PBXGroup;
			children = (
				96F27A331B8AC10B0061236B /* Lib */,
				96F27A361B8AC1180061236B /* Model */,
				96F27A351B8AC1140061236B /* Controller */,
				96F27A341B8AC1100061236B /* View */,
				96F27A5C1B8AED770061236B /* Tool */,
				96F279E61B8AC0890061236B /* AppDelegate.h */,
				96F279E71B8AC0890061236B /* AppDelegate.m */,
				96F279E91B8AC0890061236B /* ViewController.h */,
				96F279EA1B8AC0890061236B /* ViewController.m */,
				96F279EC1B8AC0890061236B /* Main.storyboard */,
				96F279EF1B8AC0890061236B /* Images.xcassets */,
				96F279F11B8AC0890061236B /* LaunchScreen.xib */,
				96F279E21B8AC0890061236B /* Supporting Files */,
			);
			path = "0824音乐播放器";
			sourceTree = "<group>";
		};
		96F279E21B8AC0890061236B /* Supporting Files */ = {
			isa = PBXGroup;
			children = (
				96F27A541B8AD6E80061236B /* mlist.plist */,
				96F27A081B8AC1010061236B /* Assets */,
				96F279E31B8AC0890061236B /* Info.plist */,
				96F279E41B8AC0890061236B /* main.m */,
			);
			name = "Supporting Files";
			sourceTree = "<group>";
		};
		96F279FB1B8AC0890061236B /* 0824音乐播放器Tests */ = {
			isa = PBXGroup;
			children = (
				96F279FE1B8AC0890061236B /* _824_____Tests.m */,
				96F279FC1B8AC0890061236B /* Supporting Files */,
			);
			path = "0824音乐播放器Tests";
			sourceTree = "<group>";
		};
		96F279FC1B8AC0890061236B /* Supporting Files */ = {
			isa = PBXGroup;
			children = (
				96F279FD1B8AC0890061236B /* Info.plist */,
			);
			name = "Supporting Files";
			sourceTree = "<group>";
		};
		96F27A081B8AC1010061236B /* Assets */ = {
			isa = PBXGroup;
			children = (
				96F27A091B8AC1010061236B /* buyao.wav */,
				96F27A0A1B8AC1010061236B /* chatcome.wav */,
				96F27A0B1B8AC1010061236B /* G.E.M. 邓紫棋 - 泡沫.mp3 */,
				96F27A0C1B8AC1010061236B /* I'm yours.lrc */,
				96F27A0D1B8AC1010061236B /* Jason Mraz - I'm Yours.mp3 */,
				96F27A0E1B8AC1010061236B /* jason.jpg */,
				96F27A0F1B8AC1010061236B /* lamazhengzhuan.jpg */,
				96F27A101B8AC1010061236B /* Owl City - The Saltwater Room.mp3 */,
				96F27A111B8AC1010061236B /* paomo.jpg */,
				96F27A121B8AC1010061236B /* st.jpg */,
				96F27A131B8AC1010061236B /* test.wav */,
				96F27A141B8AC1010061236B /* The salt water room.lrc */,
				96F27A151B8AC1010061236B /* xpg.jpg */,
				96F27A161B8AC1010061236B /* 小苹果.lrc */,
				96F27A171B8AC1010061236B /* 小苹果.mp3 */,
				96F27A181B8AC1010061236B /* 张译 - 稳稳的幸福.mp3 */,
				96F27A191B8AC1010061236B /* 月半小夜曲.lrc */,
				96F27A1A1B8AC1010061236B /* 李克勤 - 月半小夜曲.mp3 */,
				96F27A1B1B8AC1010061236B /* 李克勤.jpg */,
				96F27A1C1B8AC1010061236B /* 泡沫.lrc */,
				96F27A1D1B8AC1010061236B /* 稳稳的幸福.lrc */,
			);
			path = Assets;
			sourceTree = "<group>";
		};
		96F27A331B8AC10B0061236B /* Lib */ = {
			isa = PBXGroup;
			children = (
				96F27A371B8AC1220061236B /* MJExtension */,
			);
			name = Lib;
			sourceTree = "<group>";
		};
		96F27A341B8AC1100061236B /* View */ = {
			isa = PBXGroup;
			children = (
				96E2554D1B8C2AC40072072C /* XLLyricLabel.h */,
				96E2554E1B8C2AC40072072C /* XLLyricLabel.m */,
			);
			name = View;
			sourceTree = "<group>";
		};
		96F27A351B8AC1140061236B /* Controller */ = {
			isa = PBXGroup;
			children = (
			);
			name = Controller;
			sourceTree = "<group>";
		};
		96F27A361B8AC1180061236B /* Model */ = {
			isa = PBXGroup;
			children = (
				96F27A561B8AD7900061236B /* XLMusic.h */,
				96F27A571B8AD7900061236B /* XLMusic.m */,
				960FE81C1B8B390D0047BEDF /* XLLyric.h */,
				960FE81D1B8B390D0047BEDF /* XLLyric.m */,
			);
			name = Model;
			sourceTree = "<group>";
		};
		96F27A371B8AC1220061236B /* MJExtension */ = {
			isa = PBXGroup;
			children = (
				96F27A381B8AC1220061236B /* MJArgument.h */,
				96F27A391B8AC1220061236B /* MJArgument.m */,
				96F27A3A1B8AC1220061236B /* MJExtension.h */,
				96F27A3B1B8AC1220061236B /* MJIvar.h */,
				96F27A3C1B8AC1220061236B /* MJIvar.m */,
				96F27A3D1B8AC1220061236B /* MJMember.h */,
				96F27A3E1B8AC1220061236B /* MJMember.m */,
				96F27A3F1B8AC1220061236B /* MJMethod.h */,
				96F27A401B8AC1220061236B /* MJMethod.m */,
				96F27A411B8AC1220061236B /* MJType.h */,
				96F27A421B8AC1220061236B /* MJType.m */,
				96F27A431B8AC1220061236B /* MJTypeEncoding.h */,
				96F27A441B8AC1220061236B /* MJTypeEncoding.m */,
				96F27A451B8AC1220061236B /* NSObject+MJCoding.h */,
				96F27A461B8AC1220061236B /* NSObject+MJCoding.m */,
				96F27A471B8AC1220061236B /* NSObject+MJKeyValue.h */,
				96F27A481B8AC1220061236B /* NSObject+MJKeyValue.m */,
				96F27A491B8AC1220061236B /* NSObject+MJMember.h */,
				96F27A4A1B8AC1220061236B /* NSObject+MJMember.m */,
			);
			path = MJExtension;
			sourceTree = "<group>";
		};
		96F27A5C1B8AED770061236B /* Tool */ = {
			isa = PBXGroup;
			children = (
				96F27A591B8AED690061236B /* XLMusicManager.h */,
				96F27A5A1B8AED690061236B /* XLMusicManager.m */,
				960FE8191B8B38480047BEDF /* XLLyricSerialization.h */,
				960FE81A1B8B38490047BEDF /* XLLyricSerialization.m */,
			);
			name = Tool;
			sourceTree = "<group>";
		};
/* End PBXGroup section */

/* Begin PBXNativeTarget section */
		96F279DE1B8AC0890061236B /* 0824音乐播放器 */ = {
			isa = PBXNativeTarget;
			buildConfigurationList = 96F27A021B8AC0890061236B /* Build configuration list for PBXNativeTarget "0824音乐播放器" */;
			buildPhases = (
				96F279DB1B8AC0890061236B /* Sources */,
				96F279DC1B8AC0890061236B /* Frameworks */,
				96F279DD1B8AC0890061236B /* Resources */,
			);
			buildRules = (
			);
			dependencies = (
			);
			name = "0824音乐播放器";
			productName = "0824音乐播放器";
			productReference = 96F279DF1B8AC0890061236B /* 0824音乐播放器.app */;
			productType = "com.apple.product-type.application";
		};
		96F279F71B8AC0890061236B /* 0824音乐播放器Tests */ = {
			isa = PBXNativeTarget;
			buildConfigurationList = 96F27A051B8AC0890061236B /* Build configuration list for PBXNativeTarget "0824音乐播放器Tests" */;
			buildPhases = (
				96F279F41B8AC0890061236B /* Sources */,
				96F279F51B8AC0890061236B /* Frameworks */,
				96F279F61B8AC0890061236B /* Resources */,
			);
			buildRules = (
			);
			dependencies = (
				96F279FA1B8AC0890061236B /* PBXTargetDependency */,
			);
			name = "0824音乐播放器Tests";
			productName = "0824音乐播放器Tests";
			productReference = 96F279F81B8AC0890061236B /* 0824音乐播放器Tests.xctest */;
			productType = "com.apple.product-type.bundle.unit-test";
		};
/* End PBXNativeTarget section */

/* Begin PBXProject section */
		96F279D71B8AC0890061236B /* Project object */ = {
			isa = PBXProject;
			attributes = {
				LastUpgradeCheck = 0640;
				ORGANIZATIONNAME = Jason;
				TargetAttributes = {
					96F279DE1B8AC0890061236B = {
						CreatedOnToolsVersion = 6.4;
					};
					96F279F71B8AC0890061236B = {
						CreatedOnToolsVersion = 6.4;
						TestTargetID = 96F279DE1B8AC0890061236B;
					};
				};
			};
			buildConfigurationList = 96F279DA1B8AC0890061236B /* Build configuration list for PBXProject "0824音乐播放器" */;
			compatibilityVersion = "Xcode 3.2";
			developmentRegion = English;
			hasScannedForEncodings = 0;
			knownRegions = (
				en,
				Base,
			);
			mainGroup = 96F279D61B8AC0890061236B;
			productRefGroup = 96F279E01B8AC0890061236B /* Products */;
			projectDirPath = "";
			projectRoot = "";
			targets = (
				96F279DE1B8AC0890061236B /* 0824音乐播放器 */,
				96F279F71B8AC0890061236B /* 0824音乐播放器Tests */,
			);
		};
/* End PBXProject section */

/* Begin PBXResourcesBuildPhase section */
		96F279DD1B8AC0890061236B /* Resources */ = {
			isa = PBXResourcesBuildPhase;
			buildActionMask = 2147483647;
			files = (
				96F27A2D1B8AC1010061236B /* 张译 - 稳稳的幸福.mp3 in Resources */,
				96F27A271B8AC1010061236B /* st.jpg in Resources */,
				96F27A2F1B8AC1010061236B /* 李克勤 - 月半小夜曲.mp3 in Resources */,
				96F27A251B8AC1010061236B /* Owl City - The Saltwater Room.mp3 in Resources */,
				96F27A201B8AC1010061236B /* G.E.M. 邓紫棋 - 泡沫.mp3 in Resources */,
				96F27A2C1B8AC1010061236B /* 小苹果.mp3 in Resources */,
				96F27A311B8AC1010061236B /* 泡沫.lrc in Resources */,
				96F27A291B8AC1010061236B /* The salt water room.lrc in Resources */,
				96F27A221B8AC1010061236B /* Jason Mraz - I'm Yours.mp3 in Resources */,
				96F27A321B8AC1010061236B /* 稳稳的幸福.lrc in Resources */,
				96F27A2A1B8AC1010061236B /* xpg.jpg in Resources */,
				96F27A301B8AC1010061236B /* 李克勤.jpg in Resources */,
				96F27A281B8AC1010061236B /* test.wav in Resources */,
				96F27A2B1B8AC1010061236B /* 小苹果.lrc in Resources */,
				96F27A1F1B8AC1010061236B /* chatcome.wav in Resources */,
				96F279EE1B8AC0890061236B /* Main.storyboard in Resources */,
				96F27A1E1B8AC1010061236B /* buyao.wav in Resources */,
				96F27A551B8AD6E80061236B /* mlist.plist in Resources */,
				96F279F31B8AC0890061236B /* LaunchScreen.xib in Resources */,
				96F27A231B8AC1010061236B /* jason.jpg in Resources */,
				96F27A2E1B8AC1010061236B /* 月半小夜曲.lrc in Resources */,
				96F27A261B8AC1010061236B /* paomo.jpg in Resources */,
				96F27A211B8AC1010061236B /* I'm yours.lrc in Resources */,
				96F27A241B8AC1010061236B /* lamazhengzhuan.jpg in Resources */,
				96F279F01B8AC0890061236B /* Images.xcassets in Resources */,
			);
			runOnlyForDeploymentPostprocessing = 0;
		};
		96F279F61B8AC0890061236B /* Resources */ = {
			isa = PBXResourcesBuildPhase;
			buildActionMask = 2147483647;
			files = (
			);
			runOnlyForDeploymentPostprocessing = 0;
		};
/* End PBXResourcesBuildPhase section */

/* Begin PBXSourcesBuildPhase section */
		96F279DB1B8AC0890061236B /* Sources */ = {
			isa = PBXSourcesBuildPhase;
			buildActionMask = 2147483647;
			files = (
				96F27A4C1B8AC1220061236B /* MJIvar.m in Sources */,
				96F27A501B8AC1220061236B /* MJTypeEncoding.m in Sources */,
				96F279EB1B8AC0890061236B /* ViewController.m in Sources */,
				96E2554F1B8C2AC40072072C /* XLLyricLabel.m in Sources */,
				96F27A4B1B8AC1220061236B /* MJArgument.m in Sources */,
				96F27A531B8AC1220061236B /* NSObject+MJMember.m in Sources */,
				96F27A521B8AC1220061236B /* NSObject+MJKeyValue.m in Sources */,
				960FE81B1B8B38490047BEDF /* XLLyricSerialization.m in Sources */,
				96F27A511B8AC1220061236B /* NSObject+MJCoding.m in Sources */,
				96F27A5B1B8AED690061236B /* XLMusicManager.m in Sources */,
				96F27A4E1B8AC1220061236B /* MJMethod.m in Sources */,
				96F27A4F1B8AC1220061236B /* MJType.m in Sources */,
				96F279E81B8AC0890061236B /* AppDelegate.m in Sources */,
				96F27A4D1B8AC1220061236B /* MJMember.m in Sources */,
				96F27A581B8AD7910061236B /* XLMusic.m in Sources */,
				960FE81E1B8B390D0047BEDF /* XLLyric.m in Sources */,
				96F279E51B8AC0890061236B /* main.m in Sources */,
			);
			runOnlyForDeploymentPostprocessing = 0;
		};
		96F279F41B8AC0890061236B /* Sources */ = {
			isa = PBXSourcesBuildPhase;
			buildActionMask = 2147483647;
			files = (
				96F279FF1B8AC0890061236B /* _824_____Tests.m in Sources */,
			);
			runOnlyForDeploymentPostprocessing = 0;
		};
/* End PBXSourcesBuildPhase section */

/* Begin PBXTargetDependency section */
		96F279FA1B8AC0890061236B /* PBXTargetDependency */ = {
			isa = PBXTargetDependency;
			target = 96F279DE1B8AC0890061236B /* 0824音乐播放器 */;
			targetProxy = 96F279F91B8AC0890061236B /* PBXContainerItemProxy */;
		};
/* End PBXTargetDependency section */

/* Begin PBXVariantGroup section */
		96F279EC1B8AC0890061236B /* Main.storyboard */ = {
			isa = PBXVariantGroup;
			children = (
				96F279ED1B8AC0890061236B /* Base */,
			);
			name = Main.storyboard;
			sourceTree = "<group>";
		};
		96F279F11B8AC0890061236B /* LaunchScreen.xib */ = {
			isa = PBXVariantGroup;
			children = (
				96F279F21B8AC0890061236B /* Base */,
			);
			name = LaunchScreen.xib;
			sourceTree = "<group>";
		};
/* End PBXVariantGroup section */

/* Begin XCBuildConfiguration section */
		96F27A001B8AC0890061236B /* Debug */ = {
			isa = XCBuildConfiguration;
			buildSettings = {
				ALWAYS_SEARCH_USER_PATHS = NO;
				CLANG_CXX_LANGUAGE_STANDARD = "gnu++0x";
				CLANG_CXX_LIBRARY = "libc++";
				CLANG_ENABLE_MODULES = YES;
				CLANG_ENABLE_OBJC_ARC = YES;
				CLANG_WARN_BOOL_CONVERSION = YES;
				CLANG_WARN_CONSTANT_CONVERSION = YES;
				CLANG_WARN_DIRECT_OBJC_ISA_USAGE = YES_ERROR;
				CLANG_WARN_EMPTY_BODY = YES;
				CLANG_WARN_ENUM_CONVERSION = YES;
				CLANG_WARN_INT_CONVERSION = YES;
				CLANG_WARN_OBJC_ROOT_CLASS = YES_ERROR;
				CLANG_WARN_UNREACHABLE_CODE = YES;
				CLANG_WARN__DUPLICATE_METHOD_MATCH = YES;
				"CODE_SIGN_IDENTITY[sdk=iphoneos*]" = "iPhone Developer";
				COPY_PHASE_STRIP = NO;
				DEBUG_INFORMATION_FORMAT = "dwarf-with-dsym";
				ENABLE_STRICT_OBJC_MSGSEND = YES;
				GCC_C_LANGUAGE_STANDARD = gnu99;
				GCC_DYNAMIC_NO_PIC = NO;
				GCC_NO_COMMON_BLOCKS = YES;
				GCC_OPTIMIZATION_LEVEL = 0;
				GCC_PREPROCESSOR_DEFINITIONS = (
					"DEBUG=1",
					"$(inherited)",
				);
				GCC_SYMBOLS_PRIVATE_EXTERN = NO;
				GCC_WARN_64_TO_32_BIT_CONVERSION = YES;
				GCC_WARN_ABOUT_RETURN_TYPE = YES_ERROR;
				GCC_WARN_UNDECLARED_SELECTOR = YES;
				GCC_WARN_UNINITIALIZED_AUTOS = YES_AGGRESSIVE;
				GCC_WARN_UNUSED_FUNCTION = YES;
				GCC_WARN_UNUSED_VARIABLE = YES;
				IPHONEOS_DEPLOYMENT_TARGET = 8.4;
				MTL_ENABLE_DEBUG_INFO = YES;
				ONLY_ACTIVE_ARCH = YES;
				SDKROOT = iphoneos;
			};
			name = Debug;
		};
		96F27A011B8AC0890061236B /* Release */ = {
			isa = XCBuildConfiguration;
			buildSettings = {
				ALWAYS_SEARCH_USER_PATHS = NO;
				CLANG_CXX_LANGUAGE_STANDARD = "gnu++0x";
				CLANG_CXX_LIBRARY = "libc++";
				CLANG_ENABLE_MODULES = YES;
				CLANG_ENABLE_OBJC_ARC = YES;
				CLANG_WARN_BOOL_CONVERSION = YES;
				CLANG_WARN_CONSTANT_CONVERSION = YES;
				CLANG_WARN_DIRECT_OBJC_ISA_USAGE = YES_ERROR;
				CLANG_WARN_EMPTY_BODY = YES;
				CLANG_WARN_ENUM_CONVERSION = YES;
				CLANG_WARN_INT_CONVERSION = YES;
				CLANG_WARN_OBJC_ROOT_CLASS = YES_ERROR;
				CLANG_WARN_UNREACHABLE_CODE = YES;
				CLANG_WARN__DUPLICATE_METHOD_MATCH = YES;
				"CODE_SIGN_IDENTITY[sdk=iphoneos*]" = "iPhone Developer";
				COPY_PHASE_STRIP = NO;
				DEBUG_INFORMATION_FORMAT = "dwarf-with-dsym";
				ENABLE_NS_ASSERTIONS = NO;
				ENABLE_STRICT_OBJC_MSGSEND = YES;
				GCC_C_LANGUAGE_STANDARD = gnu99;
				GCC_NO_COMMON_BLOCKS = YES;
				GCC_WARN_64_TO_32_BIT_CONVERSION = YES;
				GCC_WARN_ABOUT_RETURN_TYPE = YES_ERROR;
				GCC_WARN_UNDECLARED_SELECTOR = YES;
				GCC_WARN_UNINITIALIZED_AUTOS = YES_AGGRESSIVE;
				GCC_WARN_UNUSED_FUNCTION = YES;
				GCC_WARN_UNUSED_VARIABLE = YES;
				IPHONEOS_DEPLOYMENT_TARGET = 8.4;
				MTL_ENABLE_DEBUG_INFO = NO;
				SDKROOT = iphoneos;
				VALIDATE_PRODUCT = YES;
			};
			name = Release;
		};
		96F27A031B8AC0890061236B /* Debug */ = {
			isa = XCBuildConfiguration;
			buildSettings = {
				ASSETCATALOG_COMPILER_APPICON_NAME = AppIcon;
				INFOPLIST_FILE = "0824音乐播放器/Info.plist";
				LD_RUNPATH_SEARCH_PATHS = "$(inherited) @executable_path/Frameworks";
				PRODUCT_NAME = "$(TARGET_NAME)";
			};
			name = Debug;
		};
		96F27A041B8AC0890061236B /* Release */ = {
			isa = XCBuildConfiguration;
			buildSettings = {
				ASSETCATALOG_COMPILER_APPICON_NAME = AppIcon;
				INFOPLIST_FILE = "0824音乐播放器/Info.plist";
				LD_RUNPATH_SEARCH_PATHS = "$(inherited) @executable_path/Frameworks";
				PRODUCT_NAME = "$(TARGET_NAME)";
			};
			name = Release;
		};
		96F27A061B8AC0890061236B /* Debug */ = {
			isa = XCBuildConfiguration;
			buildSettings = {
				BUNDLE_LOADER = "$(TEST_HOST)";
				FRAMEWORK_SEARCH_PATHS = (
					"$(SDKROOT)/Developer/Library/Frameworks",
					"$(inherited)",
				);
				GCC_PREPROCESSOR_DEFINITIONS = (
					"DEBUG=1",
					"$(inherited)",
				);
				INFOPLIST_FILE = "0824音乐播放器Tests/Info.plist";
				LD_RUNPATH_SEARCH_PATHS = "$(inherited) @executable_path/Frameworks @loader_path/Frameworks";
				PRODUCT_NAME = "$(TARGET_NAME)";
				TEST_HOST = "$(BUILT_PRODUCTS_DIR)/0824音乐播放器.app/0824音乐播放器";
			};
			name = Debug;
		};
		96F27A071B8AC0890061236B /* Release */ = {
			isa = XCBuildConfiguration;
			buildSettings = {
				BUNDLE_LOADER = "$(TEST_HOST)";
				FRAMEWORK_SEARCH_PATHS = (
					"$(SDKROOT)/Developer/Library/Frameworks",
					"$(inherited)",
				);
				INFOPLIST_FILE = "0824音乐播放器Tests/Info.plist";
				LD_RUNPATH_SEARCH_PATHS = "$(inherited) @executable_path/Frameworks @loader_path/Frameworks";
				PRODUCT_NAME = "$(TARGET_NAME)";
				TEST_HOST = "$(BUILT_PRODUCTS_DIR)/0824音乐播放器.app/0824音乐播放器";
			};
			name = Release;
		};
/* End XCBuildConfiguration section */

/* Begin XCConfigurationList section */
		96F279DA1B8AC0890061236B /* Build configuration list for PBXProject "0824音乐播放器" */ = {
			isa = XCConfigurationList;
			buildConfigurations = (
				96F27A001B8AC0890061236B /* Debug */,
				96F27A011B8AC0890061236B /* Release */,
			);
			defaultConfigurationIsVisible = 0;
			defaultConfigurationName = Release;
		};
		96F27A021B8AC0890061236B /* Build configuration list for PBXNativeTarget "0824音乐播放器" */ = {
			isa = XCConfigurationList;
			buildConfigurations = (
				96F27A031B8AC0890061236B /* Debug */,
				96F27A041B8AC0890061236B /* Release */,
			);
			defaultConfigurationIsVisible = 0;
			defaultConfigurationName = Release;
		};
		96F27A051B8AC0890061236B /* Build configuration list for PBXNativeTarget "0824音乐播放器Tests" */ = {
			isa = XCConfigurationList;
			buildConfigurations = (
				96F27A061B8AC0890061236B /* Debug */,
				96F27A071B8AC0890061236B /* Release */,
			);
			defaultConfigurationIsVisible = 0;
			defaultConfigurationName = Release;
		};
/* End XCConfigurationList section */
	};
	rootObject = 96F279D71B8AC0890061236B /* Project object */;
}
